
Microsoft Visual Studio Solution File, Format Version 12.00
# Visual Studio 2013
VisualStudioVersion = 12.0.40629.0
MinimumVisualStudioVersion = 10.0.40219.1
Project("{FAE04EC0-301F-11D3-BF4B-00C04F79EFBC}") = "MetaTagsChecker", "MetaTagsChecker\MetaTagsChecker.csproj", "{309D2CC4-AF61-4371-A747-A30DE4FAC760}"
EndProject
Project("{FAE04EC0-301F-11D3-BF4B-00C04F79EFBC}") = "MetaTagsCheckerLib", "MetaTagsCheckerLib\MetaTagsCheckerLib.csproj", "{889EA981-D303-429E-B096-9E602872F55E}"
EndProject
Project("{FAE04EC0-301F-11D3-BF4B-00C04F79EFBC}") = "MetaTagsCheckerWpf", "MetaTagsCheckerWpf\MetaTagsCheckerWpf.csproj", "{6D2D05FF-E17D-433B-8C63-C6DC9CB55DE4}"
EndProject
Project("{FAE04EC0-301F-11D3-BF4B-00C04F79EFBC}") = "MetaTagsCheckerTest", "MetaTagsCheckerTest\MetaTagsCheckerTest.csproj", "{38792897-D053-4AEA-98A3-990FB49BE0E4}"
EndProject
Global
	GlobalSection(SolutionConfigurationPlatforms) = preSolution
		Debug|Any CPU = Debug|Any CPU
		Release|Any CPU = Release|Any CPU
	EndGlobalSection
	GlobalSection(ProjectConfigurationPlatforms) = postSolution
		{309D2CC4-AF61-4371-A747-A30DE4FAC760}.Debug|Any CPU.ActiveCfg = Debug|Any CPU
		{309D2CC4-AF61-4371-A747-A30DE4FAC760}.Debug|Any CPU.Build.0 = Debug|Any CPU
		{309D2CC4-AF61-4371-A747-A30DE4FAC760}.Release|Any CPU.ActiveCfg = Release|Any CPU
		{309D2CC4-AF61-4371-A747-A30DE4FAC760}.Release|Any CPU.Build.0 = Release|Any CPU
		{889EA981-D303-429E-B096-9E602872F55E}.Debug|Any CPU.ActiveCfg = Debug|Any CPU
		{889EA981-D303-429E-B096-9E602872F55E}.Debug|Any CPU.Build.0 = Debug|Any CPU
		{889EA981-D303-429E-B096-9E602872F55E}.Release|Any CPU.ActiveCfg = Release|Any CPU
		{889EA981-D303-429E-B096-9E602872F55E}.Release|Any CPU.Build.0 = Release|Any CPU
		{6D2D05FF-E17D-433B-8C63-C6DC9CB55DE4}.Debug|Any CPU.ActiveCfg = Debug|Any CPU
		{6D2D05FF-E17D-433B-8C63-C6DC9CB55DE4}.Debug|Any CPU.Build.0 = Debug|Any CPU
		{6D2D05FF-E17D-433B-8C63-C6DC9CB55DE4}.Release|Any CPU.ActiveCfg = Release|Any CPU
		{6D2D05FF-E17D-433B-8C63-C6DC9CB55DE4}.Release|Any CPU.Build.0 = Release|Any CPU
		{38792897-D053-4AEA-98A3-990FB49BE0E4}.Debug|Any CPU.ActiveCfg = Debug|Any CPU
		{38792897-D053-4AEA-98A3-990FB49BE0E4}.Debug|Any CPU.Build.0 = Debug|Any CPU
		{38792897-D053-4AEA-98A3-990FB49BE0E4}.Release|Any CPU.ActiveCfg = Release|Any CPU
		{38792897-D053-4AEA-98A3-990FB49BE0E4}.Release|Any CPU.Build.0 = Release|Any CPU
	EndGlobalSection
	GlobalSection(SolutionProperties) = preSolution
		HideSolutionNode = FALSE
	EndGlobalSection
EndGlobal
